{
    "_meta": {
        "hash": {
            "sha256": "c8f44e7fa28dc9e8f2d2a7b90def4d024f0fbb2b620fca237a81a630fed1c7ef"
        },
        "pipfile-spec": 6,
        "requires": {
            "python_version": "3.7"
        },
        "sources": [
            {
                "name": "pypi",
                "url": "https://pypi.org/simple",
                "verify_ssl": true
            }
        ]
    },
    "default": {
        "bpy": {
            "hashes": [
                "sha256:039d3f37f40aca0497998ff7cd73bada523402e64b40d165dda46850127a71da",
                "sha256:21a021cb0c6e3e914d752c8cc03d6f156ac95456b6eb75068197148426fdab52",
                "sha256:54eecf225b0b32faee9eccf4bc26e9d59caa78e508fc66907d650e7fba151813",
                "sha256:78004a95a66ff853c0f62717c7d1734b5aa5353a5e85f1a6d055172a29f37e6e",
                "sha256:7a596fd6cebc8eb7af0db2c410d14c81d016c4197f16345d6117c00f0b29f97d",
                "sha256:ca3597c32e0dbca86dbb80a9822642486f95a832477d070fe14aa0bdb1cab8b2",
                "sha256:cdb6993722c2007d9d3f6c1ee2a3509441fc8366903316644b24af52f83a58a5",
                "sha256:dbab1cec8910a0dbf4ae6223e4c4cbbb086ec5cf7738073894162605eff6e6f1",
                "sha256:f858e77a1dffa6b8ef880c5aa5f2d8582aee187332fc9b64329f35e17e50d044"
            ],
            "index": "pypi",
            "version": "==1.2.3"
        }
    },
    "develop": {}
}
